Microsoft Visual Studio Solution File, Format Version 12.00
# Visual Studio Version 17
VisualStudioVersion = 17.13.35931.197
MinimumVisualStudioVersion = 10.0.40219.1
Project("{FAE04EC0-301F-11D3-BF4B-00C04F79EFBC}") = "SimpleTransit.Abstractions", "src\SimpleTransit.Abstractions\SimpleTransit.Abstractions.csproj", "{0BDE94CE-56FF-4DDC-AF5D-F6A2BE199B70}"
EndProject
Project("{FAE04EC0-301F-11D3-BF4B-00C04F79EFBC}") = "SimpleTransit", "src\SimpleTransit\SimpleTransit.csproj", "{55058BEC-FBE1-4EEC-B294-E800AC7D9239}"
EndProject
Project("{FAE04EC0-301F-11D3-BF4B-00C04F79EFBC}") = "SimpleTransitSample", "samples\SimpleTransitSample\SimpleTransitSample.csproj", "{8DF980E6-A02D-4D45-88E9-354085E3F57B}"
EndProject
Project("{2150E333-8FDC-42A3-9474-1A3956D46DE8}") = "Solution Items", "Solution Items", "{8EC462FD-D22E-90A8-E5CE-7E832BA40C5D}"
	ProjectSection(SolutionItems) = preProject
		.editorconfig = .editorconfig
		src\Directory.Build.props = src\Directory.Build.props
		README.md = README.md
		Toolbox.png = Toolbox.png
	EndProjectSection
EndProject
Global
	GlobalSection(SolutionConfigurationPlatforms) = preSolution
		Debug|Any CPU = Debug|Any CPU
		Release|Any CPU = Release|Any CPU
	EndGlobalSection
	GlobalSection(ProjectConfigurationPlatforms) = postSolution
		{0BDE94CE-56FF-4DDC-AF5D-F6A2BE199B70}.Debug|Any CPU.ActiveCfg = Debug|Any CPU
		{0BDE94CE-56FF-4DDC-AF5D-F6A2BE199B70}.Debug|Any CPU.Build.0 = Debug|Any CPU
		{0BDE94CE-56FF-4DDC-AF5D-F6A2BE199B70}.Release|Any CPU.ActiveCfg = Release|Any CPU
		{0BDE94CE-56FF-4DDC-AF5D-F6A2BE199B70}.Release|Any CPU.Build.0 = Release|Any CPU
		{55058BEC-FBE1-4EEC-B294-E800AC7D9239}.Debug|Any CPU.ActiveCfg = Debug|Any CPU
		{55058BEC-FBE1-4EEC-B294-E800AC7D9239}.Debug|Any CPU.Build.0 = Debug|Any CPU
		{55058BEC-FBE1-4EEC-B294-E800AC7D9239}.Release|Any CPU.ActiveCfg = Release|Any CPU
		{55058BEC-FBE1-4EEC-B294-E800AC7D9239}.Release|Any CPU.Build.0 = Release|Any CPU
		{8DF980E6-A02D-4D45-88E9-354085E3F57B}.Debug|Any CPU.ActiveCfg = Debug|Any CPU
		{8DF980E6-A02D-4D45-88E9-354085E3F57B}.Debug|Any CPU.Build.0 = Debug|Any CPU
		{8DF980E6-A02D-4D45-88E9-354085E3F57B}.Release|Any CPU.ActiveCfg = Release|Any CPU
		{8DF980E6-A02D-4D45-88E9-354085E3F57B}.Release|Any CPU.Build.0 = Release|Any CPU
	EndGlobalSection
	GlobalSection(SolutionProperties) = preSolution
		HideSolutionNode = FALSE
	EndGlobalSection
	GlobalSection(ExtensibilityGlobals) = postSolution
		SolutionGuid = {D70A4DDF-730D-4023-B599-A7E214622953}
	EndGlobalSection
EndGlobal
